
Microsoft Visual Studio Solution File, Format Version 12.00
# Visual Studio Version 16
VisualStudioVersion = 16.0.29424.173
MinimumVisualStudioVersion = 10.0.40219.1
Project("{FAE04EC0-301F-11D3-BF4B-00C04F79EFBC}") = "CarControl(Proxy) For Test", "CarControl(Proxy) For Test\CarControl(Proxy) For Test.csproj", "{A4619F9F-F018-4214-9A8F-DFC5A007D928}"
EndProject
Global
	GlobalSection(SolutionConfigurationPlatforms) = preSolution
		Debug|Any CPU = Debug|Any CPU
		Release|Any CPU = Release|Any CPU
	EndGlobalSection
	GlobalSection(ProjectConfigurationPlatforms) = postSolution
		{A4619F9F-F018-4214-9A8F-DFC5A007D928}.Debug|Any CPU.ActiveCfg = Debug|Any CPU
		{A4619F9F-F018-4214-9A8F-DFC5A007D928}.Debug|Any CPU.Build.0 = Debug|Any CPU
		{A4619F9F-F018-4214-9A8F-DFC5A007D928}.Release|Any CPU.ActiveCfg = Release|Any CPU
		{A4619F9F-F018-4214-9A8F-DFC5A007D928}.Release|Any CPU.Build.0 = Release|Any CPU
	EndGlobalSection
	GlobalSection(SolutionProperties) = preSolution
		HideSolutionNode = FALSE
	EndGlobalSection
	GlobalSection(ExtensibilityGlobals) = postSolution
		SolutionGuid = {974A3CD8-3400-462A-BF4B-52B5998732B5}
	EndGlobalSection
EndGlobal
